
Microsoft Visual Studio Solution File, Format Version 12.00
# Visual Studio Version 17
VisualStudioVersion = 17.10.35027.167
MinimumVisualStudioVersion = 10.0.40219.1
Project("{FAE04EC0-301F-11D3-BF4B-00C04F79EFBC}") = "lks5", "lks5\lks5.csproj", "{66EE294E-DF97-421D-AFDF-A6746820B251}"
EndProject
Global
	GlobalSection(SolutionConfigurationPlatforms) = preSolution
		Debug|Any CPU = Debug|Any CPU
		Release|Any CPU = Release|Any CPU
	EndGlobalSection
	GlobalSection(ProjectConfigurationPlatforms) = postSolution
		{66EE294E-DF97-421D-AFDF-A6746820B251}.Debug|Any CPU.ActiveCfg = Debug|Any CPU
		{66EE294E-DF97-421D-AFDF-A6746820B251}.Debug|Any CPU.Build.0 = Debug|Any CPU
		{66EE294E-DF97-421D-AFDF-A6746820B251}.Release|Any CPU.ActiveCfg = Release|Any CPU
		{66EE294E-DF97-421D-AFDF-A6746820B251}.Release|Any CPU.Build.0 = Release|Any CPU
	EndGlobalSection
	GlobalSection(SolutionProperties) = preSolution
		HideSolutionNode = FALSE
	EndGlobalSection
	GlobalSection(ExtensibilityGlobals) = postSolution
		SolutionGuid = {32E357B5-9CE5-4455-9996-3C204FFB4C09}
	EndGlobalSection
EndGlobal
